
Microsoft Visual Studio Solution File, Format Version 12.00
# Visual Studio 15
VisualStudioVersion = 15.0.27428.2027
MinimumVisualStudioVersion = 10.0.40219.1
Project("{FAE04EC0-301F-11D3-BF4B-00C04F79EFBC}") = "CrudOperationInAngular", "CrudOperationInAngular\CrudOperationInAngular.csproj", "{970A5503-364B-44D4-9059-80EB2C1E1818}"
EndProject
Global
	GlobalSection(SolutionConfigurationPlatforms) = preSolution
		Debug|Any CPU = Debug|Any CPU
		Release|Any CPU = Release|Any CPU
	EndGlobalSection
	GlobalSection(ProjectConfigurationPlatforms) = postSolution
		{970A5503-364B-44D4-9059-80EB2C1E1818}.Debug|Any CPU.ActiveCfg = Debug|Any CPU
		{970A5503-364B-44D4-9059-80EB2C1E1818}.Debug|Any CPU.Build.0 = Debug|Any CPU
		{970A5503-364B-44D4-9059-80EB2C1E1818}.Release|Any CPU.ActiveCfg = Release|Any CPU
		{970A5503-364B-44D4-9059-80EB2C1E1818}.Release|Any CPU.Build.0 = Release|Any CPU
	EndGlobalSection
	GlobalSection(SolutionProperties) = preSolution
		HideSolutionNode = FALSE
	EndGlobalSection
	GlobalSection(ExtensibilityGlobals) = postSolution
		SolutionGuid = {D480B343-3E16-40CA-9BA4-74A0A6D1BE64}
	EndGlobalSection
EndGlobal
